
Microsoft Visual Studio Solution File, Format Version 12.00
# Visual Studio Version 16
VisualStudioVersion = 16.0.34902.97
MinimumVisualStudioVersion = 10.0.40219.1
Project("{8BC9CEB8-8B4A-11D0-8D11-00A0C91BC942}") = "Enclave", "Enclave\Enclave.vcxproj", "{894F3A61-2BBE-4349-9F75-73308A4412C8}"
EndProject
Project("{8BC9CEB8-8B4A-11D0-8D11-00A0C91BC942}") = "UntrustedDll", "UntrustedDll\UntrustedDll.vcxproj", "{35E46A0F-DF05-4AF3-B718-B1F1CA7FA774}"
EndProject
Project("{8BC9CEB8-8B4A-11D0-8D11-00A0C91BC942}") = "DllLoader", "DllLoader\DllLoader.vcxproj", "{3A448255-AAA4-47BE-9DCE-4FB221F3CBCB}"
EndProject
Project("{8BC9CEB8-8B4A-11D0-8D11-00A0C91BC942}") = "UntrustedApp", "UntrustedApp\UntrustedApp.vcxproj", "{F27EE0CB-6CC3-486F-B27B-28657AB85BAF}"
EndProject
Global
	GlobalSection(SolutionConfigurationPlatforms) = preSolution
		CVE-2020-0551-CF-Prerelease|x64 = CVE-2020-0551-CF-Prerelease|x64
		CVE-2020-0551-CF-Prerelease|x86 = CVE-2020-0551-CF-Prerelease|x86
		CVE-2020-0551-CF-Release|x64 = CVE-2020-0551-CF-Release|x64
		CVE-2020-0551-CF-Release|x86 = CVE-2020-0551-CF-Release|x86
		CVE-2020-0551-Load-Prerelease|x64 = CVE-2020-0551-Load-Prerelease|x64
		CVE-2020-0551-Load-Prerelease|x86 = CVE-2020-0551-Load-Prerelease|x86
		CVE-2020-0551-Load-Release|x64 = CVE-2020-0551-Load-Release|x64
		CVE-2020-0551-Load-Release|x86 = CVE-2020-0551-Load-Release|x86
		Debug|x64 = Debug|x64
		Debug|x86 = Debug|x86
		Prerelease|x64 = Prerelease|x64
		Prerelease|x86 = Prerelease|x86
		Release|x64 = Release|x64
		Release|x86 = Release|x86
		Simulation|x64 = Simulation|x64
		Simulation|x86 = Simulation|x86
	EndGlobalSection
	GlobalSection(ProjectConfigurationPlatforms) = postSolution
		{894F3A61-2BBE-4349-9F75-73308A4412C8}.CVE-2020-0551-CF-Prerelease|x64.ActiveCfg = Prerelease|x64
		{894F3A61-2BBE-4349-9F75-73308A4412C8}.CVE-2020-0551-CF-Prerelease|x86.ActiveCfg = Prerelease|Win32
		{894F3A61-2BBE-4349-9F75-73308A4412C8}.CVE-2020-0551-CF-Release|x64.ActiveCfg = Release|x64
		{894F3A61-2BBE-4349-9F75-73308A4412C8}.CVE-2020-0551-CF-Release|x86.ActiveCfg = Release|Win32
		{894F3A61-2BBE-4349-9F75-73308A4412C8}.CVE-2020-0551-Load-Prerelease|x64.ActiveCfg = Prerelease|x64
		{894F3A61-2BBE-4349-9F75-73308A4412C8}.CVE-2020-0551-Load-Prerelease|x86.ActiveCfg = Prerelease|Win32
		{894F3A61-2BBE-4349-9F75-73308A4412C8}.CVE-2020-0551-Load-Release|x64.ActiveCfg = Release|x64
		{894F3A61-2BBE-4349-9F75-73308A4412C8}.CVE-2020-0551-Load-Release|x86.ActiveCfg = Release|Win32
		{894F3A61-2BBE-4349-9F75-73308A4412C8}.Debug|x64.ActiveCfg = Simulation|x64
		{894F3A61-2BBE-4349-9F75-73308A4412C8}.Debug|x64.Build.0 = Simulation|x64
		{894F3A61-2BBE-4349-9F75-73308A4412C8}.Debug|x86.ActiveCfg = Debug|Win32
		{894F3A61-2BBE-4349-9F75-73308A4412C8}.Debug|x86.Build.0 = Debug|Win32
		{894F3A61-2BBE-4349-9F75-73308A4412C8}.Prerelease|x64.ActiveCfg = Prerelease|x64
		{894F3A61-2BBE-4349-9F75-73308A4412C8}.Prerelease|x64.Build.0 = Prerelease|x64
		{894F3A61-2BBE-4349-9F75-73308A4412C8}.Prerelease|x86.ActiveCfg = Prerelease|Win32
		{894F3A61-2BBE-4349-9F75-73308A4412C8}.Prerelease|x86.Build.0 = Prerelease|Win32
		{894F3A61-2BBE-4349-9F75-73308A4412C8}.Release|x64.ActiveCfg = Release|x64
		{894F3A61-2BBE-4349-9F75-73308A4412C8}.Release|x64.Build.0 = Release|x64
		{894F3A61-2BBE-4349-9F75-73308A4412C8}.Release|x86.ActiveCfg = Release|Win32
		{894F3A61-2BBE-4349-9F75-73308A4412C8}.Release|x86.Build.0 = Release|Win32
		{894F3A61-2BBE-4349-9F75-73308A4412C8}.Simulation|x64.ActiveCfg = Simulation|x64
		{894F3A61-2BBE-4349-9F75-73308A4412C8}.Simulation|x64.Build.0 = Simulation|x64
		{894F3A61-2BBE-4349-9F75-73308A4412C8}.Simulation|x86.ActiveCfg = Simulation|Win32
		{894F3A61-2BBE-4349-9F75-73308A4412C8}.Simulation|x86.Build.0 = Simulation|Win32
		{35E46A0F-DF05-4AF3-B718-B1F1CA7FA774}.CVE-2020-0551-CF-Prerelease|x64.ActiveCfg = Debug|x64
		{35E46A0F-DF05-4AF3-B718-B1F1CA7FA774}.CVE-2020-0551-CF-Prerelease|x64.Build.0 = Debug|x64
		{35E46A0F-DF05-4AF3-B718-B1F1CA7FA774}.CVE-2020-0551-CF-Prerelease|x86.ActiveCfg = Debug|Win32
		{35E46A0F-DF05-4AF3-B718-B1F1CA7FA774}.CVE-2020-0551-CF-Prerelease|x86.Build.0 = Debug|Win32
		{35E46A0F-DF05-4AF3-B718-B1F1CA7FA774}.CVE-2020-0551-CF-Release|x64.ActiveCfg = Release|x64
		{35E46A0F-DF05-4AF3-B718-B1F1CA7FA774}.CVE-2020-0551-CF-Release|x64.Build.0 = Release|x64
		{35E46A0F-DF05-4AF3-B718-B1F1CA7FA774}.CVE-2020-0551-CF-Release|x86.ActiveCfg = Release|Win32
		{35E46A0F-DF05-4AF3-B718-B1F1CA7FA774}.CVE-2020-0551-CF-Release|x86.Build.0 = Release|Win32
		{35E46A0F-DF05-4AF3-B718-B1F1CA7FA774}.CVE-2020-0551-Load-Prerelease|x64.ActiveCfg = Debug|x64
		{35E46A0F-DF05-4AF3-B718-B1F1CA7FA774}.CVE-2020-0551-Load-Prerelease|x64.Build.0 = Debug|x64
		{35E46A0F-DF05-4AF3-B718-B1F1CA7FA774}.CVE-2020-0551-Load-Prerelease|x86.ActiveCfg = Debug|Win32
		{35E46A0F-DF05-4AF3-B718-B1F1CA7FA774}.CVE-2020-0551-Load-Prerelease|x86.Build.0 = Debug|Win32
		{35E46A0F-DF05-4AF3-B718-B1F1CA7FA774}.CVE-2020-0551-Load-Release|x64.ActiveCfg = Release|x64
		{35E46A0F-DF05-4AF3-B718-B1F1CA7FA774}.CVE-2020-0551-Load-Release|x64.Build.0 = Release|x64
		{35E46A0F-DF05-4AF3-B718-B1F1CA7FA774}.CVE-2020-0551-Load-Release|x86.ActiveCfg = Release|Win32
		{35E46A0F-DF05-4AF3-B718-B1F1CA7FA774}.CVE-2020-0551-Load-Release|x86.Build.0 = Release|Win32
		{35E46A0F-DF05-4AF3-B718-B1F1CA7FA774}.Debug|x64.ActiveCfg = Simulation|x64
		{35E46A0F-DF05-4AF3-B718-B1F1CA7FA774}.Debug|x64.Build.0 = Simulation|x64
		{35E46A0F-DF05-4AF3-B718-B1F1CA7FA774}.Debug|x86.ActiveCfg = Debug|Win32
		{35E46A0F-DF05-4AF3-B718-B1F1CA7FA774}.Debug|x86.Build.0 = Debug|Win32
		{35E46A0F-DF05-4AF3-B718-B1F1CA7FA774}.Prerelease|x64.ActiveCfg = Prerelease|x64
		{35E46A0F-DF05-4AF3-B718-B1F1CA7FA774}.Prerelease|x64.Build.0 = Prerelease|x64
		{35E46A0F-DF05-4AF3-B718-B1F1CA7FA774}.Prerelease|x86.ActiveCfg = Prerelease|Win32
		{35E46A0F-DF05-4AF3-B718-B1F1CA7FA774}.Prerelease|x86.Build.0 = Prerelease|Win32
		{35E46A0F-DF05-4AF3-B718-B1F1CA7FA774}.Release|x64.ActiveCfg = Release|x64
		{35E46A0F-DF05-4AF3-B718-B1F1CA7FA774}.Release|x64.Build.0 = Release|x64
		{35E46A0F-DF05-4AF3-B718-B1F1CA7FA774}.Release|x86.ActiveCfg = Release|Win32
		{35E46A0F-DF05-4AF3-B718-B1F1CA7FA774}.Release|x86.Build.0 = Release|Win32
		{35E46A0F-DF05-4AF3-B718-B1F1CA7FA774}.Simulation|x64.ActiveCfg = Simulation|x64
		{35E46A0F-DF05-4AF3-B718-B1F1CA7FA774}.Simulation|x64.Build.0 = Simulation|x64
		{35E46A0F-DF05-4AF3-B718-B1F1CA7FA774}.Simulation|x86.ActiveCfg = Simulation|Win32
		{35E46A0F-DF05-4AF3-B718-B1F1CA7FA774}.Simulation|x86.Build.0 = Simulation|Win32
		{3A448255-AAA4-47BE-9DCE-4FB221F3CBCB}.CVE-2020-0551-CF-Prerelease|x64.ActiveCfg = Debug|x64
		{3A448255-AAA4-47BE-9DCE-4FB221F3CBCB}.CVE-2020-0551-CF-Prerelease|x64.Build.0 = Debug|x64
		{3A448255-AAA4-47BE-9DCE-4FB221F3CBCB}.CVE-2020-0551-CF-Prerelease|x86.ActiveCfg = Debug|Win32
		{3A448255-AAA4-47BE-9DCE-4FB221F3CBCB}.CVE-2020-0551-CF-Prerelease|x86.Build.0 = Debug|Win32
		{3A448255-AAA4-47BE-9DCE-4FB221F3CBCB}.CVE-2020-0551-CF-Release|x64.ActiveCfg = Release|x64
		{3A448255-AAA4-47BE-9DCE-4FB221F3CBCB}.CVE-2020-0551-CF-Release|x64.Build.0 = Release|x64
		{3A448255-AAA4-47BE-9DCE-4FB221F3CBCB}.CVE-2020-0551-CF-Release|x86.ActiveCfg = Release|Win32
		{3A448255-AAA4-47BE-9DCE-4FB221F3CBCB}.CVE-2020-0551-CF-Release|x86.Build.0 = Release|Win32
		{3A448255-AAA4-47BE-9DCE-4FB221F3CBCB}.CVE-2020-0551-Load-Prerelease|x64.ActiveCfg = Debug|x64
		{3A448255-AAA4-47BE-9DCE-4FB221F3CBCB}.CVE-2020-0551-Load-Prerelease|x64.Build.0 = Debug|x64
		{3A448255-AAA4-47BE-9DCE-4FB221F3CBCB}.CVE-2020-0551-Load-Prerelease|x86.ActiveCfg = Debug|Win32
		{3A448255-AAA4-47BE-9DCE-4FB221F3CBCB}.CVE-2020-0551-Load-Prerelease|x86.Build.0 = Debug|Win32
		{3A448255-AAA4-47BE-9DCE-4FB221F3CBCB}.CVE-2020-0551-Load-Release|x64.ActiveCfg = Release|x64
		{3A448255-AAA4-47BE-9DCE-4FB221F3CBCB}.CVE-2020-0551-Load-Release|x64.Build.0 = Release|x64
		{3A448255-AAA4-47BE-9DCE-4FB221F3CBCB}.CVE-2020-0551-Load-Release|x86.ActiveCfg = Release|Win32
		{3A448255-AAA4-47BE-9DCE-4FB221F3CBCB}.CVE-2020-0551-Load-Release|x86.Build.0 = Release|Win32
		{3A448255-AAA4-47BE-9DCE-4FB221F3CBCB}.Debug|x64.ActiveCfg = Debug|x64
		{3A448255-AAA4-47BE-9DCE-4FB221F3CBCB}.Debug|x64.Build.0 = Debug|x64
		{3A448255-AAA4-47BE-9DCE-4FB221F3CBCB}.Debug|x86.ActiveCfg = Debug|Win32
		{3A448255-AAA4-47BE-9DCE-4FB221F3CBCB}.Debug|x86.Build.0 = Debug|Win32
		{3A448255-AAA4-47BE-9DCE-4FB221F3CBCB}.Prerelease|x64.ActiveCfg = Debug|x64
		{3A448255-AAA4-47BE-9DCE-4FB221F3CBCB}.Prerelease|x64.Build.0 = Debug|x64
		{3A448255-AAA4-47BE-9DCE-4FB221F3CBCB}.Prerelease|x86.ActiveCfg = Debug|Win32
		{3A448255-AAA4-47BE-9DCE-4FB221F3CBCB}.Prerelease|x86.Build.0 = Debug|Win32
		{3A448255-AAA4-47BE-9DCE-4FB221F3CBCB}.Release|x64.ActiveCfg = Release|x64
		{3A448255-AAA4-47BE-9DCE-4FB221F3CBCB}.Release|x64.Build.0 = Release|x64
		{3A448255-AAA4-47BE-9DCE-4FB221F3CBCB}.Release|x86.ActiveCfg = Release|Win32
		{3A448255-AAA4-47BE-9DCE-4FB221F3CBCB}.Release|x86.Build.0 = Release|Win32
		{3A448255-AAA4-47BE-9DCE-4FB221F3CBCB}.Simulation|x64.ActiveCfg = Debug|x64
		{3A448255-AAA4-47BE-9DCE-4FB221F3CBCB}.Simulation|x64.Build.0 = Debug|x64
		{3A448255-AAA4-47BE-9DCE-4FB221F3CBCB}.Simulation|x86.ActiveCfg = Debug|Win32
		{3A448255-AAA4-47BE-9DCE-4FB221F3CBCB}.Simulation|x86.Build.0 = Debug|Win32
		{F27EE0CB-6CC3-486F-B27B-28657AB85BAF}.CVE-2020-0551-CF-Prerelease|x64.ActiveCfg = Prerelease|x64
		{F27EE0CB-6CC3-486F-B27B-28657AB85BAF}.CVE-2020-0551-CF-Prerelease|x64.Build.0 = Prerelease|x64
		{F27EE0CB-6CC3-486F-B27B-28657AB85BAF}.CVE-2020-0551-CF-Prerelease|x86.ActiveCfg = Prerelease|Win32
		{F27EE0CB-6CC3-486F-B27B-28657AB85BAF}.CVE-2020-0551-CF-Prerelease|x86.Build.0 = Prerelease|Win32
		{F27EE0CB-6CC3-486F-B27B-28657AB85BAF}.CVE-2020-0551-CF-Release|x64.ActiveCfg = Release|x64
		{F27EE0CB-6CC3-486F-B27B-28657AB85BAF}.CVE-2020-0551-CF-Release|x64.Build.0 = Release|x64
		{F27EE0CB-6CC3-486F-B27B-28657AB85BAF}.CVE-2020-0551-CF-Release|x86.ActiveCfg = Release|Win32
		{F27EE0CB-6CC3-486F-B27B-28657AB85BAF}.CVE-2020-0551-CF-Release|x86.Build.0 = Release|Win32
		{F27EE0CB-6CC3-486F-B27B-28657AB85BAF}.CVE-2020-0551-Load-Prerelease|x64.ActiveCfg = Prerelease|x64
		{F27EE0CB-6CC3-486F-B27B-28657AB85BAF}.CVE-2020-0551-Load-Prerelease|x64.Build.0 = Prerelease|x64
		{F27EE0CB-6CC3-486F-B27B-28657AB85BAF}.CVE-2020-0551-Load-Prerelease|x86.ActiveCfg = Prerelease|Win32
		{F27EE0CB-6CC3-486F-B27B-28657AB85BAF}.CVE-2020-0551-Load-Prerelease|x86.Build.0 = Prerelease|Win32
		{F27EE0CB-6CC3-486F-B27B-28657AB85BAF}.CVE-2020-0551-Load-Release|x64.ActiveCfg = Release|x64
		{F27EE0CB-6CC3-486F-B27B-28657AB85BAF}.CVE-2020-0551-Load-Release|x64.Build.0 = Release|x64
		{F27EE0CB-6CC3-486F-B27B-28657AB85BAF}.CVE-2020-0551-Load-Release|x86.ActiveCfg = Release|Win32
		{F27EE0CB-6CC3-486F-B27B-28657AB85BAF}.CVE-2020-0551-Load-Release|x86.Build.0 = Release|Win32
		{F27EE0CB-6CC3-486F-B27B-28657AB85BAF}.Debug|x64.ActiveCfg = Simulation|x64
		{F27EE0CB-6CC3-486F-B27B-28657AB85BAF}.Debug|x64.Build.0 = Simulation|x64
		{F27EE0CB-6CC3-486F-B27B-28657AB85BAF}.Debug|x86.ActiveCfg = Debug|Win32
		{F27EE0CB-6CC3-486F-B27B-28657AB85BAF}.Debug|x86.Build.0 = Debug|Win32
		{F27EE0CB-6CC3-486F-B27B-28657AB85BAF}.Prerelease|x64.ActiveCfg = Prerelease|x64
		{F27EE0CB-6CC3-486F-B27B-28657AB85BAF}.Prerelease|x64.Build.0 = Prerelease|x64
		{F27EE0CB-6CC3-486F-B27B-28657AB85BAF}.Prerelease|x86.ActiveCfg = Prerelease|Win32
		{F27EE0CB-6CC3-486F-B27B-28657AB85BAF}.Prerelease|x86.Build.0 = Prerelease|Win32
		{F27EE0CB-6CC3-486F-B27B-28657AB85BAF}.Release|x64.ActiveCfg = Release|x64
		{F27EE0CB-6CC3-486F-B27B-28657AB85BAF}.Release|x64.Build.0 = Release|x64
		{F27EE0CB-6CC3-486F-B27B-28657AB85BAF}.Release|x86.ActiveCfg = Release|Win32
		{F27EE0CB-6CC3-486F-B27B-28657AB85BAF}.Release|x86.Build.0 = Release|Win32
		{F27EE0CB-6CC3-486F-B27B-28657AB85BAF}.Simulation|x64.ActiveCfg = Simulation|x64
		{F27EE0CB-6CC3-486F-B27B-28657AB85BAF}.Simulation|x64.Build.0 = Simulation|x64
		{F27EE0CB-6CC3-486F-B27B-28657AB85BAF}.Simulation|x86.ActiveCfg = Simulation|Win32
		{F27EE0CB-6CC3-486F-B27B-28657AB85BAF}.Simulation|x86.Build.0 = Simulation|Win32
	EndGlobalSection
	GlobalSection(SolutionProperties) = preSolution
		HideSolutionNode = FALSE
	EndGlobalSection
	GlobalSection(ExtensibilityGlobals) = postSolution
		SolutionGuid = {5A7A01E2-D0BB-46B7-A081-46765EC7A09C}
	EndGlobalSection
EndGlobal
